
Microsoft Visual Studio Solution File, Format Version 12.00
# Visual Studio Version 16
VisualStudioVersion = 16.0.30114.105
MinimumVisualStudioVersion = 10.0.40219.1
Project("{FAE04EC0-301F-11D3-BF4B-00C04F79EFBC}") = "IShowMovies", "IShowMovies\IShowMovies.csproj", "{833484EF-804C-4E65-A643-23CB9297D9F1}"
EndProject
Global
	GlobalSection(SolutionConfigurationPlatforms) = preSolution
		Debug|Any CPU = Debug|Any CPU
		Release|Any CPU = Release|Any CPU
	EndGlobalSection
	GlobalSection(ProjectConfigurationPlatforms) = postSolution
		{833484EF-804C-4E65-A643-23CB9297D9F1}.Debug|Any CPU.ActiveCfg = Debug|Any CPU
		{833484EF-804C-4E65-A643-23CB9297D9F1}.Debug|Any CPU.Build.0 = Debug|Any CPU
		{833484EF-804C-4E65-A643-23CB9297D9F1}.Release|Any CPU.ActiveCfg = Release|Any CPU
		{833484EF-804C-4E65-A643-23CB9297D9F1}.Release|Any CPU.Build.0 = Release|Any CPU
	EndGlobalSection
	GlobalSection(SolutionProperties) = preSolution
		HideSolutionNode = FALSE
	EndGlobalSection
	GlobalSection(ExtensibilityGlobals) = postSolution
		SolutionGuid = {9793D936-40CD-43F7-B10D-0D58556580E5}
	EndGlobalSection
EndGlobal
